
Microsoft Visual Studio Solution File, Format Version 12.00
# Visual Studio Version 17
VisualStudioVersion = 17.6.33723.286
MinimumVisualStudioVersion = 10.0.40219.1
Project("{FAE04EC0-301F-11D3-BF4B-00C04F79EFBC}") = "Hash", "Hash.csproj", "{3B58DEFE-678C-4D69-B369-E53DC0893663}"
EndProject
Global
	GlobalSection(SolutionConfigurationPlatforms) = preSolution
		Debug|Any CPU = Debug|Any CPU
		Release|Any CPU = Release|Any CPU
	EndGlobalSection
	GlobalSection(ProjectConfigurationPlatforms) = postSolution
		{3B58DEFE-678C-4D69-B369-E53DC0893663}.Debug|Any CPU.ActiveCfg = Debug|Any CPU
		{3B58DEFE-678C-4D69-B369-E53DC0893663}.Debug|Any CPU.Build.0 = Debug|Any CPU
		{3B58DEFE-678C-4D69-B369-E53DC0893663}.Release|Any CPU.ActiveCfg = Release|Any CPU
		{3B58DEFE-678C-4D69-B369-E53DC0893663}.Release|Any CPU.Build.0 = Release|Any CPU
	EndGlobalSection
	GlobalSection(SolutionProperties) = preSolution
		HideSolutionNode = FALSE
	EndGlobalSection
	GlobalSection(ExtensibilityGlobals) = postSolution
		SolutionGuid = {24D002F2-318A-4F5C-B742-7198AAF8B4C0}
	EndGlobalSection
EndGlobal
